
Microsoft Visual Studio Solution File, Format Version 12.00
# Visual Studio Version 17
VisualStudioVersion = 17.7.34003.232
MinimumVisualStudioVersion = 10.0.40219.1
Project("{FAE04EC0-301F-11D3-BF4B-00C04F79EFBC}") = "Hometask_20_09_2023", "Hometask_20_09_2023.csproj", "{DEABE0A5-C17A-4583-86FC-915A7D656DEC}"
EndProject
Global
	GlobalSection(SolutionConfigurationPlatforms) = preSolution
		Debug|Any CPU = Debug|Any CPU
		Release|Any CPU = Release|Any CPU
	EndGlobalSection
	GlobalSection(ProjectConfigurationPlatforms) = postSolution
		{DEABE0A5-C17A-4583-86FC-915A7D656DEC}.Debug|Any CPU.ActiveCfg = Debug|Any CPU
		{DEABE0A5-C17A-4583-86FC-915A7D656DEC}.Debug|Any CPU.Build.0 = Debug|Any CPU
		{DEABE0A5-C17A-4583-86FC-915A7D656DEC}.Release|Any CPU.ActiveCfg = Release|Any CPU
		{DEABE0A5-C17A-4583-86FC-915A7D656DEC}.Release|Any CPU.Build.0 = Release|Any CPU
	EndGlobalSection
	GlobalSection(SolutionProperties) = preSolution
		HideSolutionNode = FALSE
	EndGlobalSection
	GlobalSection(ExtensibilityGlobals) = postSolution
		SolutionGuid = {939A46AF-48D3-41F2-AFFC-5126A5D124AE}
	EndGlobalSection
EndGlobal
